
Microsoft Visual Studio Solution File, Format Version 12.00
# Visual Studio Version 17
VisualStudioVersion = 17.0.31919.166
MinimumVisualStudioVersion = 10.0.40219.1
Project("{FAE04EC0-301F-11D3-BF4B-00C04F79EFBC}") = "BPayPOC1.Android", "BPayPOC1\UI.Android\BPayPOC1.Android.csproj", "{A1E7501F-E446-4DBE-9C8B-DC684358396C}"
EndProject
Project("{9A19103F-16F7-4668-BE54-9A1E7A4F7556}") = "BPayPOC1", "BPayPOC1\UI\BPayPOC1.csproj", "{11D50ACC-FB99-4248-97FC-497D10B6AD2E}"
EndProject
Global
	GlobalSection(SolutionConfigurationPlatforms) = preSolution
		Debug|Any CPU = Debug|Any CPU
		Release|Any CPU = Release|Any CPU
	EndGlobalSection
	GlobalSection(ProjectConfigurationPlatforms) = postSolution
		{A1E7501F-E446-4DBE-9C8B-DC684358396C}.Debug|Any CPU.ActiveCfg = Debug|Any CPU
		{A1E7501F-E446-4DBE-9C8B-DC684358396C}.Debug|Any CPU.Build.0 = Debug|Any CPU
		{A1E7501F-E446-4DBE-9C8B-DC684358396C}.Debug|Any CPU.Deploy.0 = Debug|Any CPU
		{A1E7501F-E446-4DBE-9C8B-DC684358396C}.Release|Any CPU.ActiveCfg = Release|Any CPU
		{A1E7501F-E446-4DBE-9C8B-DC684358396C}.Release|Any CPU.Build.0 = Release|Any CPU
		{A1E7501F-E446-4DBE-9C8B-DC684358396C}.Release|Any CPU.Deploy.0 = Release|Any CPU
		{11D50ACC-FB99-4248-97FC-497D10B6AD2E}.Debug|Any CPU.ActiveCfg = Debug|Any CPU
		{11D50ACC-FB99-4248-97FC-497D10B6AD2E}.Debug|Any CPU.Build.0 = Debug|Any CPU
		{11D50ACC-FB99-4248-97FC-497D10B6AD2E}.Debug|Any CPU.Deploy.0 = Debug|Any CPU
		{11D50ACC-FB99-4248-97FC-497D10B6AD2E}.Release|Any CPU.ActiveCfg = Release|Any CPU
		{11D50ACC-FB99-4248-97FC-497D10B6AD2E}.Release|Any CPU.Build.0 = Release|Any CPU
		{11D50ACC-FB99-4248-97FC-497D10B6AD2E}.Release|Any CPU.Deploy.0 = Release|Any CPU
	EndGlobalSection
	GlobalSection(SolutionProperties) = preSolution
		HideSolutionNode = FALSE
	EndGlobalSection
	GlobalSection(ExtensibilityGlobals) = postSolution
		SolutionGuid = {DA6DE918-8CF3-4FE5-9C4F-3DFB90C9EE26}
	EndGlobalSection
EndGlobal
